
Microsoft Visual Studio Solution File, Format Version 12.00
# Visual Studio 15
VisualStudioVersion = 15.0.28307.168
MinimumVisualStudioVersion = 10.0.40219.1
Project("{2150E333-8FDC-42A3-9474-1A3956D46DE8}") = "src", "src", "{8975B764-294C-4322-ABA5-545FFC660AD7}"
EndProject
Project("{2150E333-8FDC-42A3-9474-1A3956D46DE8}") = "test", "test", "{803E2E12-267C-4728-A02D-852E3ECF7332}"
EndProject
Project("{2150E333-8FDC-42A3-9474-1A3956D46DE8}") = "UI", "UI", "{3259B847-E805-44D0-9967-F8E3BC8D1279}"
EndProject
Project("{2150E333-8FDC-42A3-9474-1A3956D46DE8}") = "Infrastructure", "Infrastructure", "{63F250E6-2A4B-4019-AF6C-2556E96D849E}"
EndProject
Project("{2150E333-8FDC-42A3-9474-1A3956D46DE8}") = "Core", "Core", "{2ADD1C57-E423-4FE6-B8F3-FF907FEFD9C3}"
EndProject
Project("{2150E333-8FDC-42A3-9474-1A3956D46DE8}") = "UI", "UI", "{2E32E958-ABFF-4851-B2DA-334F8D786793}"
EndProject
Project("{2150E333-8FDC-42A3-9474-1A3956D46DE8}") = "Core", "Core", "{EBEA82CA-C821-4383-9388-7B29DCB94F9A}"
EndProject
Project("{2150E333-8FDC-42A3-9474-1A3956D46DE8}") = "Infrastructure", "Infrastructure", "{B6047AEF-3A3F-4BC6-A8BF-4B3BDE80D712}"
EndProject
Project("{FAE04EC0-301F-11D3-BF4B-00C04F79EFBC}") = "BTA.Core.Domain", "src\Core\BTA.Core.Domain\BTA.Core.Domain.csproj", "{02A099AD-8CEA-439D-AE1C-1CC7802A397D}"
EndProject
Project("{FAE04EC0-301F-11D3-BF4B-00C04F79EFBC}") = "BTA.Core.ApplicationServices", "src\Core\BTA.Core.ApplicationServices\BTA.Core.ApplicationServices.csproj", "{93C1B2EE-80D8-4445-8DD3-E93D7D8C71D1}"
EndProject
Project("{FAE04EC0-301F-11D3-BF4B-00C04F79EFBC}") = "BTA.Core.DomainServices", "src\Core\BTA.Core.DomainServices\BTA.Core.DomainServices.csproj", "{C0E5A3DE-DE7C-41DE-B52C-FB638ED2B4A7}"
EndProject
Project("{FAE04EC0-301F-11D3-BF4B-00C04F79EFBC}") = "BTA.Data", "src\Infrastructure\BTA.Data\BTA.Data.csproj", "{FA5CE543-1467-472D-BD48-E55A79FC2899}"
EndProject
Project("{FAE04EC0-301F-11D3-BF4B-00C04F79EFBC}") = "BTA.UI.Web", "src\UI\BTA.UI.Web\BTA.UI.Web.csproj", "{E9F758F6-4273-4E74-BF97-C76420C63EBE}"
EndProject
Global
	GlobalSection(SolutionConfigurationPlatforms) = preSolution
		Debug|Any CPU = Debug|Any CPU
		Release|Any CPU = Release|Any CPU
	EndGlobalSection
	GlobalSection(ProjectConfigurationPlatforms) = postSolution
		{02A099AD-8CEA-439D-AE1C-1CC7802A397D}.Debug|Any CPU.ActiveCfg = Debug|Any CPU
		{02A099AD-8CEA-439D-AE1C-1CC7802A397D}.Debug|Any CPU.Build.0 = Debug|Any CPU
		{02A099AD-8CEA-439D-AE1C-1CC7802A397D}.Release|Any CPU.ActiveCfg = Release|Any CPU
		{02A099AD-8CEA-439D-AE1C-1CC7802A397D}.Release|Any CPU.Build.0 = Release|Any CPU
		{93C1B2EE-80D8-4445-8DD3-E93D7D8C71D1}.Debug|Any CPU.ActiveCfg = Debug|Any CPU
		{93C1B2EE-80D8-4445-8DD3-E93D7D8C71D1}.Debug|Any CPU.Build.0 = Debug|Any CPU
		{93C1B2EE-80D8-4445-8DD3-E93D7D8C71D1}.Release|Any CPU.ActiveCfg = Release|Any CPU
		{93C1B2EE-80D8-4445-8DD3-E93D7D8C71D1}.Release|Any CPU.Build.0 = Release|Any CPU
		{C0E5A3DE-DE7C-41DE-B52C-FB638ED2B4A7}.Debug|Any CPU.ActiveCfg = Debug|Any CPU
		{C0E5A3DE-DE7C-41DE-B52C-FB638ED2B4A7}.Debug|Any CPU.Build.0 = Debug|Any CPU
		{C0E5A3DE-DE7C-41DE-B52C-FB638ED2B4A7}.Release|Any CPU.ActiveCfg = Release|Any CPU
		{C0E5A3DE-DE7C-41DE-B52C-FB638ED2B4A7}.Release|Any CPU.Build.0 = Release|Any CPU
		{FA5CE543-1467-472D-BD48-E55A79FC2899}.Debug|Any CPU.ActiveCfg = Debug|Any CPU
		{FA5CE543-1467-472D-BD48-E55A79FC2899}.Debug|Any CPU.Build.0 = Debug|Any CPU
		{FA5CE543-1467-472D-BD48-E55A79FC2899}.Release|Any CPU.ActiveCfg = Release|Any CPU
		{FA5CE543-1467-472D-BD48-E55A79FC2899}.Release|Any CPU.Build.0 = Release|Any CPU
		{E9F758F6-4273-4E74-BF97-C76420C63EBE}.Debug|Any CPU.ActiveCfg = Debug|Any CPU
		{E9F758F6-4273-4E74-BF97-C76420C63EBE}.Debug|Any CPU.Build.0 = Debug|Any CPU
		{E9F758F6-4273-4E74-BF97-C76420C63EBE}.Release|Any CPU.ActiveCfg = Release|Any CPU
		{E9F758F6-4273-4E74-BF97-C76420C63EBE}.Release|Any CPU.Build.0 = Release|Any CPU
	EndGlobalSection
	GlobalSection(SolutionProperties) = preSolution
		HideSolutionNode = FALSE
	EndGlobalSection
	GlobalSection(NestedProjects) = preSolution
		{3259B847-E805-44D0-9967-F8E3BC8D1279} = {803E2E12-267C-4728-A02D-852E3ECF7332}
		{63F250E6-2A4B-4019-AF6C-2556E96D849E} = {8975B764-294C-4322-ABA5-545FFC660AD7}
		{2ADD1C57-E423-4FE6-B8F3-FF907FEFD9C3} = {8975B764-294C-4322-ABA5-545FFC660AD7}
		{2E32E958-ABFF-4851-B2DA-334F8D786793} = {8975B764-294C-4322-ABA5-545FFC660AD7}
		{EBEA82CA-C821-4383-9388-7B29DCB94F9A} = {803E2E12-267C-4728-A02D-852E3ECF7332}
		{B6047AEF-3A3F-4BC6-A8BF-4B3BDE80D712} = {803E2E12-267C-4728-A02D-852E3ECF7332}
		{02A099AD-8CEA-439D-AE1C-1CC7802A397D} = {2ADD1C57-E423-4FE6-B8F3-FF907FEFD9C3}
		{93C1B2EE-80D8-4445-8DD3-E93D7D8C71D1} = {2ADD1C57-E423-4FE6-B8F3-FF907FEFD9C3}
		{C0E5A3DE-DE7C-41DE-B52C-FB638ED2B4A7} = {2ADD1C57-E423-4FE6-B8F3-FF907FEFD9C3}
		{FA5CE543-1467-472D-BD48-E55A79FC2899} = {63F250E6-2A4B-4019-AF6C-2556E96D849E}
		{E9F758F6-4273-4E74-BF97-C76420C63EBE} = {2E32E958-ABFF-4851-B2DA-334F8D786793}
	EndGlobalSection
	GlobalSection(ExtensibilityGlobals) = postSolution
		SolutionGuid = {2ACB9E54-93A9-442A-8574-61CD0B0239C5}
	EndGlobalSection
EndGlobal
