
Microsoft Visual Studio Solution File, Format Version 12.00
# Visual Studio 15
VisualStudioVersion = 15.0.28307.168
MinimumVisualStudioVersion = 10.0.40219.1
Project("{2150E333-8FDC-42A3-9474-1A3956D46DE8}") = "src", "src", "{8975B764-294C-4322-ABA5-545FFC660AD7}"
EndProject
Project("{2150E333-8FDC-42A3-9474-1A3956D46DE8}") = "test", "test", "{803E2E12-267C-4728-A02D-852E3ECF7332}"
EndProject
Project("{2150E333-8FDC-42A3-9474-1A3956D46DE8}") = "UI", "UI", "{3259B847-E805-44D0-9967-F8E3BC8D1279}"
EndProject
Project("{2150E333-8FDC-42A3-9474-1A3956D46DE8}") = "Infrastructure", "Infrastructure", "{63F250E6-2A4B-4019-AF6C-2556E96D849E}"
EndProject
Project("{2150E333-8FDC-42A3-9474-1A3956D46DE8}") = "Core", "Core", "{2ADD1C57-E423-4FE6-B8F3-FF907FEFD9C3}"
EndProject
Project("{2150E333-8FDC-42A3-9474-1A3956D46DE8}") = "UI", "UI", "{2E32E958-ABFF-4851-B2DA-334F8D786793}"
EndProject
Project("{2150E333-8FDC-42A3-9474-1A3956D46DE8}") = "Core", "Core", "{EBEA82CA-C821-4383-9388-7B29DCB94F9A}"
EndProject
Project("{2150E333-8FDC-42A3-9474-1A3956D46DE8}") = "Infrastructure", "Infrastructure", "{B6047AEF-3A3F-4BC6-A8BF-4B3BDE80D712}"
EndProject
Global
	GlobalSection(SolutionProperties) = preSolution
		HideSolutionNode = FALSE
	EndGlobalSection
	GlobalSection(NestedProjects) = preSolution
		{3259B847-E805-44D0-9967-F8E3BC8D1279} = {803E2E12-267C-4728-A02D-852E3ECF7332}
		{63F250E6-2A4B-4019-AF6C-2556E96D849E} = {8975B764-294C-4322-ABA5-545FFC660AD7}
		{2ADD1C57-E423-4FE6-B8F3-FF907FEFD9C3} = {8975B764-294C-4322-ABA5-545FFC660AD7}
		{2E32E958-ABFF-4851-B2DA-334F8D786793} = {8975B764-294C-4322-ABA5-545FFC660AD7}
		{EBEA82CA-C821-4383-9388-7B29DCB94F9A} = {803E2E12-267C-4728-A02D-852E3ECF7332}
		{B6047AEF-3A3F-4BC6-A8BF-4B3BDE80D712} = {803E2E12-267C-4728-A02D-852E3ECF7332}
	EndGlobalSection
	GlobalSection(ExtensibilityGlobals) = postSolution
		SolutionGuid = {2ACB9E54-93A9-442A-8574-61CD0B0239C5}
	EndGlobalSection
EndGlobal
